// !$*UTF8*$!
{
	archiveVersion = 1;
	classes = {
	};
	objectVersion = 46;
	objects = {

/* Begin PBXBuildFile section */
		5A9FB7111ED6A803004A17A7 /* NSArray+name.m in Sources */ = {isa = PBXBuildFile; fileRef = 5A9FB7101ED6A803004A17A7 /* NSArray+name.m */; };
		5A9FB7171ED7DDF4004A17A7 /* Boss.m in Sources */ = {isa = PBXBuildFile; fileRef = 5A9FB7161ED7DDF4004A17A7 /* Boss.m */; };
		5A9FB71A1ED811F7004A17A7 /* NSNull+safe.m in Sources */ = {isa = PBXBuildFile; fileRef = 5A9FB7191ED811F7004A17A7 /* NSNull+safe.m */; };
		5A9FB7201ED81C52004A17A7 /* UIView+CategoryTest.m in Sources */ = {isa = PBXBuildFile; fileRef = 5A9FB71F1ED81C52004A17A7 /* UIView+CategoryTest.m */; };
		5AB6CEE81EC42EF1003C7483 /* main.m in Sources */ = {isa = PBXBuildFile; fileRef = 5AB6CEE71EC42EF1003C7483 /* main.m */; };
		5AB6CEEB1EC42EF1003C7483 /* AppDelegate.m in Sources */ = {isa = PBXBuildFile; fileRef = 5AB6CEEA1EC42EF1003C7483 /* AppDelegate.m */; };
		5AB6CEEE1EC42EF1003C7483 /* ViewController.m in Sources */ = {isa = PBXBuildFile; fileRef = 5AB6CEED1EC42EF1003C7483 /* ViewController.m */; };
		5AB6CEF11EC42EF1003C7483 /* Main.storyboard in Resources */ = {isa = PBXBuildFile; fileRef = 5AB6CEEF1EC42EF1003C7483 /* Main.storyboard */; };
		5AB6CEF31EC42EF1003C7483 /* Assets.xcassets in Resources */ = {isa = PBXBuildFile; fileRef = 5AB6CEF21EC42EF1003C7483 /* Assets.xcassets */; };
		5AB6CEF61EC42EF1003C7483 /* LaunchScreen.storyboard in Resources */ = {isa = PBXBuildFile; fileRef = 5AB6CEF41EC42EF1003C7483 /* LaunchScreen.storyboard */; };
		5AB6CEFF1EC4325F003C7483 /* NSObject+YSRuntime.m in Sources */ = {isa = PBXBuildFile; fileRef = 5AB6CEFE1EC4325F003C7483 /* NSObject+YSRuntime.m */; };
		5AB6CF051EC43BA2003C7483 /* Person.m in Sources */ = {isa = PBXBuildFile; fileRef = 5AB6CF041EC43BA2003C7483 /* Person.m */; };
		5AB6CF081EC44E62003C7483 /* Person+Character.m in Sources */ = {isa = PBXBuildFile; fileRef = 5AB6CF071EC44E62003C7483 /* Person+Character.m */; };
		5AFB8D5B1ECAC94A00092950 /* Person+SleepControl.m in Sources */ = {isa = PBXBuildFile; fileRef = 5AFB8D5A1ECAC94A00092950 /* Person+SleepControl.m */; };
/* End PBXBuildFile section */

/* Begin PBXFileReference section */
		5A9FB70F1ED6A803004A17A7 /* NSArray+name.h */ = {isa = PBXFileReference; fileEncoding = 4; lastKnownFileType = sourcecode.c.h; path = "NSArray+name.h"; sourceTree = "<group>"; };
		5A9FB7101ED6A803004A17A7 /* NSArray+name.m */ = {isa = PBXFileReference; fileEncoding = 4; lastKnownFileType = sourcecode.c.objc; path = "NSArray+name.m"; sourceTree = "<group>"; };
		5A9FB7151ED7DDF4004A17A7 /* Boss.h */ = {isa = PBXFileReference; fileEncoding = 4; lastKnownFileType = sourcecode.c.h; path = Boss.h; sourceTree = "<group>"; };
		5A9FB7161ED7DDF4004A17A7 /* Boss.m */ = {isa = PBXFileReference; fileEncoding = 4; lastKnownFileType = sourcecode.c.objc; path = Boss.m; sourceTree = "<group>"; };
		5A9FB7181ED811F7004A17A7 /* NSNull+safe.h */ = {isa = PBXFileReference; fileEncoding = 4; lastKnownFileType = sourcecode.c.h; path = "NSNull+safe.h"; sourceTree = "<group>"; };
		5A9FB7191ED811F7004A17A7 /* NSNull+safe.m */ = {isa = PBXFileReference; fileEncoding = 4; lastKnownFileType = sourcecode.c.objc; path = "NSNull+safe.m"; sourceTree = "<group>"; };
		5A9FB71E1ED81C52004A17A7 /* UIView+CategoryTest.h */ = {isa = PBXFileReference; fileEncoding = 4; lastKnownFileType = sourcecode.c.h; path = "UIView+CategoryTest.h"; sourceTree = "<group>"; };
		5A9FB71F1ED81C52004A17A7 /* UIView+CategoryTest.m */ = {isa = PBXFileReference; fileEncoding = 4; lastKnownFileType = sourcecode.c.objc; path = "UIView+CategoryTest.m"; sourceTree = "<group>"; };
		5AB6CEE31EC42EF1003C7483 /* RuntimeSkill.app */ = {isa = PBXFileReference; explicitFileType = wrapper.application; includeInIndex = 0; path = RuntimeSkill.app; sourceTree = BUILT_PRODUCTS_DIR; };
		5AB6CEE71EC42EF1003C7483 /* main.m */ = {isa = PBXFileReference; lastKnownFileType = sourcecode.c.objc; path = main.m; sourceTree = "<group>"; };
		5AB6CEE91EC42EF1003C7483 /* AppDelegate.h */ = {isa = PBXFileReference; lastKnownFileType = sourcecode.c.h; path = AppDelegate.h; sourceTree = "<group>"; };
		5AB6CEEA1EC42EF1003C7483 /* AppDelegate.m */ = {isa = PBXFileReference; lastKnownFileType = sourcecode.c.objc; path = AppDelegate.m; sourceTree = "<group>"; };
		5AB6CEEC1EC42EF1003C7483 /* ViewController.h */ = {isa = PBXFileReference; lastKnownFileType = sourcecode.c.h; path = ViewController.h; sourceTree = "<group>"; };
		5AB6CEED1EC42EF1003C7483 /* ViewController.m */ = {isa = PBXFileReference; lastKnownFileType = sourcecode.c.objc; path = ViewController.m; sourceTree = "<group>"; };
		5AB6CEF01EC42EF1003C7483 /* Base */ = {isa = PBXFileReference; lastKnownFileType = file.storyboard; name = Base; path = Base.lproj/Main.storyboard; sourceTree = "<group>"; };
		5AB6CEF21EC42EF1003C7483 /* Assets.xcassets */ = {isa = PBXFileReference; lastKnownFileType = folder.assetcatalog; path = Assets.xcassets; sourceTree = "<group>"; };
		5AB6CEF51EC42EF1003C7483 /* Base */ = {isa = PBXFileReference; lastKnownFileType = file.storyboard; name = Base; path = Base.lproj/LaunchScreen.storyboard; sourceTree = "<group>"; };
		5AB6CEF71EC42EF1003C7483 /* Info.plist */ = {isa = PBXFileReference; lastKnownFileType = text.plist.xml; path = Info.plist; sourceTree = "<group>"; };
		5AB6CEFD1EC4325F003C7483 /* NSObject+YSRuntime.h */ = {isa = PBXFileReference; fileEncoding = 4; lastKnownFileType = sourcecode.c.h; path = "NSObject+YSRuntime.h"; sourceTree = "<group>"; };
		5AB6CEFE1EC4325F003C7483 /* NSObject+YSRuntime.m */ = {isa = PBXFileReference; fileEncoding = 4; lastKnownFileType = sourcecode.c.objc; path = "NSObject+YSRuntime.m"; sourceTree = "<group>"; };
		5AB6CF011EC432F7003C7483 /* YSAssociated.h */ = {isa = PBXFileReference; fileEncoding = 4; lastKnownFileType = sourcecode.c.h; path = YSAssociated.h; sourceTree = "<group>"; };
		5AB6CF031EC43BA2003C7483 /* Person.h */ = {isa = PBXFileReference; fileEncoding = 4; lastKnownFileType = sourcecode.c.h; path = Person.h; sourceTree = "<group>"; };
		5AB6CF041EC43BA2003C7483 /* Person.m */ = {isa = PBXFileReference; fileEncoding = 4; lastKnownFileType = sourcecode.c.objc; path = Person.m; sourceTree = "<group>"; };
		5AB6CF061EC44E62003C7483 /* Person+Character.h */ = {isa = PBXFileReference; fileEncoding = 4; lastKnownFileType = sourcecode.c.h; path = "Person+Character.h"; sourceTree = "<group>"; };
		5AB6CF071EC44E62003C7483 /* Person+Character.m */ = {isa = PBXFileReference; fileEncoding = 4; lastKnownFileType = sourcecode.c.objc; path = "Person+Character.m"; sourceTree = "<group>"; };
		5AFB8D591ECAC94A00092950 /* Person+SleepControl.h */ = {isa = PBXFileReference; fileEncoding = 4; lastKnownFileType = sourcecode.c.h; path = "Person+SleepControl.h"; sourceTree = "<group>"; };
		5AFB8D5A1ECAC94A00092950 /* Person+SleepControl.m */ = {isa = PBXFileReference; fileEncoding = 4; lastKnownFileType = sourcecode.c.objc; path = "Person+SleepControl.m"; sourceTree = "<group>"; };
/* End PBXFileReference section */

/* Begin PBXFrameworksBuildPhase section */
		5AB6CEE01EC42EF1003C7483 /* Frameworks */ = {
			isa = PBXFrameworksBuildPhase;
			buildActionMask = 2147483647;
			files = (
			);
			runOnlyForDeploymentPostprocessing = 0;
		};
/* End PBXFrameworksBuildPhase section */

/* Begin PBXGroup section */
		5AB6CEDA1EC42EF1003C7483 = {
			isa = PBXGroup;
			children = (
				5AB6CEE51EC42EF1003C7483 /* RuntimeSkill */,
				5AB6CEE41EC42EF1003C7483 /* Products */,
			);
			sourceTree = "<group>";
		};
		5AB6CEE41EC42EF1003C7483 /* Products */ = {
			isa = PBXGroup;
			children = (
				5AB6CEE31EC42EF1003C7483 /* RuntimeSkill.app */,
			);
			name = Products;
			sourceTree = "<group>";
		};
		5AB6CEE51EC42EF1003C7483 /* RuntimeSkill */ = {
			isa = PBXGroup;
			children = (
				5AB6CEE91EC42EF1003C7483 /* AppDelegate.h */,
				5AB6CEEA1EC42EF1003C7483 /* AppDelegate.m */,
				5AB6CEEC1EC42EF1003C7483 /* ViewController.h */,
				5AB6CEED1EC42EF1003C7483 /* ViewController.m */,
				5AB6CF031EC43BA2003C7483 /* Person.h */,
				5AB6CF041EC43BA2003C7483 /* Person.m */,
				5A9FB7151ED7DDF4004A17A7 /* Boss.h */,
				5A9FB7161ED7DDF4004A17A7 /* Boss.m */,
				5AFB8D591ECAC94A00092950 /* Person+SleepControl.h */,
				5AFB8D5A1ECAC94A00092950 /* Person+SleepControl.m */,
				5AB6CF061EC44E62003C7483 /* Person+Character.h */,
				5AB6CF071EC44E62003C7483 /* Person+Character.m */,
				5AB6CEFD1EC4325F003C7483 /* NSObject+YSRuntime.h */,
				5AB6CEFE1EC4325F003C7483 /* NSObject+YSRuntime.m */,
				5AB6CF011EC432F7003C7483 /* YSAssociated.h */,
				5A9FB70F1ED6A803004A17A7 /* NSArray+name.h */,
				5A9FB7101ED6A803004A17A7 /* NSArray+name.m */,
				5A9FB71E1ED81C52004A17A7 /* UIView+CategoryTest.h */,
				5A9FB71F1ED81C52004A17A7 /* UIView+CategoryTest.m */,
				5A9FB7181ED811F7004A17A7 /* NSNull+safe.h */,
				5A9FB7191ED811F7004A17A7 /* NSNull+safe.m */,
				5AB6CEEF1EC42EF1003C7483 /* Main.storyboard */,
				5AB6CEF21EC42EF1003C7483 /* Assets.xcassets */,
				5AB6CEF41EC42EF1003C7483 /* LaunchScreen.storyboard */,
				5AB6CEF71EC42EF1003C7483 /* Info.plist */,
				5AB6CEE61EC42EF1003C7483 /* Supporting Files */,
			);
			path = RuntimeSkill;
			sourceTree = "<group>";
		};
		5AB6CEE61EC42EF1003C7483 /* Supporting Files */ = {
			isa = PBXGroup;
			children = (
				5AB6CEE71EC42EF1003C7483 /* main.m */,
			);
			name = "Supporting Files";
			sourceTree = "<group>";
		};
/* End PBXGroup section */

/* Begin PBXNativeTarget section */
		5AB6CEE21EC42EF1003C7483 /* RuntimeSkill */ = {
			isa = PBXNativeTarget;
			buildConfigurationList = 5AB6CEFA1EC42EF1003C7483 /* Build configuration list for PBXNativeTarget "RuntimeSkill" */;
			buildPhases = (
				5AB6CEDF1EC42EF1003C7483 /* Sources */,
				5AB6CEE01EC42EF1003C7483 /* Frameworks */,
				5AB6CEE11EC42EF1003C7483 /* Resources */,
			);
			buildRules = (
			);
			dependencies = (
			);
			name = RuntimeSkill;
			productName = RuntimeSkill;
			productReference = 5AB6CEE31EC42EF1003C7483 /* RuntimeSkill.app */;
			productType = "com.apple.product-type.application";
		};
/* End PBXNativeTarget section */

/* Begin PBXProject section */
		5AB6CEDB1EC42EF1003C7483 /* Project object */ = {
			isa = PBXProject;
			attributes = {
				LastUpgradeCheck = 0830;
				ORGANIZATIONNAME = ys;
				TargetAttributes = {
					5AB6CEE21EC42EF1003C7483 = {
						CreatedOnToolsVersion = 8.3.2;
						DevelopmentTeam = L9E89VMHQT;
						ProvisioningStyle = Automatic;
					};
				};
			};
			buildConfigurationList = 5AB6CEDE1EC42EF1003C7483 /* Build configuration list for PBXProject "RuntimeSkill" */;
			compatibilityVersion = "Xcode 3.2";
			developmentRegion = English;
			hasScannedForEncodings = 0;
			knownRegions = (
				en,
				Base,
			);
			mainGroup = 5AB6CEDA1EC42EF1003C7483;
			productRefGroup = 5AB6CEE41EC42EF1003C7483 /* Products */;
			projectDirPath = "";
			projectRoot = "";
			targets = (
				5AB6CEE21EC42EF1003C7483 /* RuntimeSkill */,
			);
		};
/* End PBXProject section */

/* Begin PBXResourcesBuildPhase section */
		5AB6CEE11EC42EF1003C7483 /* Resources */ = {
			isa = PBXResourcesBuildPhase;
			buildActionMask = 2147483647;
			files = (
				5AB6CEF61EC42EF1003C7483 /* LaunchScreen.storyboard in Resources */,
				5AB6CEF31EC42EF1003C7483 /* Assets.xcassets in Resources */,
				5AB6CEF11EC42EF1003C7483 /* Main.storyboard in Resources */,
			);
			runOnlyForDeploymentPostprocessing = 0;
		};
/* End PBXResourcesBuildPhase section */

/* Begin PBXSourcesBuildPhase section */
		5AB6CEDF1EC42EF1003C7483 /* Sources */ = {
			isa = PBXSourcesBuildPhase;
			buildActionMask = 2147483647;
			files = (
				5A9FB71A1ED811F7004A17A7 /* NSNull+safe.m in Sources */,
				5AB6CEEE1EC42EF1003C7483 /* ViewController.m in Sources */,
				5AFB8D5B1ECAC94A00092950 /* Person+SleepControl.m in Sources */,
				5AB6CEEB1EC42EF1003C7483 /* AppDelegate.m in Sources */,
				5A9FB7201ED81C52004A17A7 /* UIView+CategoryTest.m in Sources */,
				5AB6CF051EC43BA2003C7483 /* Person.m in Sources */,
				5AB6CEFF1EC4325F003C7483 /* NSObject+YSRuntime.m in Sources */,
				5A9FB7111ED6A803004A17A7 /* NSArray+name.m in Sources */,
				5A9FB7171ED7DDF4004A17A7 /* Boss.m in Sources */,
				5AB6CF081EC44E62003C7483 /* Person+Character.m in Sources */,
				5AB6CEE81EC42EF1003C7483 /* main.m in Sources */,
			);
			runOnlyForDeploymentPostprocessing = 0;
		};
/* End PBXSourcesBuildPhase section */

/* Begin PBXVariantGroup section */
		5AB6CEEF1EC42EF1003C7483 /* Main.storyboard */ = {
			isa = PBXVariantGroup;
			children = (
				5AB6CEF01EC42EF1003C7483 /* Base */,
			);
			name = Main.storyboard;
			sourceTree = "<group>";
		};
		5AB6CEF41EC42EF1003C7483 /* LaunchScreen.storyboard */ = {
			isa = PBXVariantGroup;
			children = (
				5AB6CEF51EC42EF1003C7483 /* Base */,
			);
			name = LaunchScreen.storyboard;
			sourceTree = "<group>";
		};
/* End PBXVariantGroup section */

/* Begin XCBuildConfiguration section */
		5AB6CEF81EC42EF1003C7483 /* Debug */ = {
			isa = XCBuildConfiguration;
			buildSettings = {
				ALWAYS_SEARCH_USER_PATHS = NO;
				CLANG_ANALYZER_NONNULL = YES;
				CLANG_ANALYZER_NUMBER_OBJECT_CONVERSION = YES_AGGRESSIVE;
				CLANG_CXX_LANGUAGE_STANDARD = "gnu++0x";
				CLANG_CXX_LIBRARY = "libc++";
				CLANG_ENABLE_MODULES = YES;
				CLANG_ENABLE_OBJC_ARC = YES;
				CLANG_WARN_BOOL_CONVERSION = YES;
				CLANG_WARN_CONSTANT_CONVERSION = YES;
				CLANG_WARN_DIRECT_OBJC_ISA_USAGE = YES_ERROR;
				CLANG_WARN_DOCUMENTATION_COMMENTS = YES;
				CLANG_WARN_EMPTY_BODY = YES;
				CLANG_WARN_ENUM_CONVERSION = YES;
				CLANG_WARN_INFINITE_RECURSION = YES;
				CLANG_WARN_INT_CONVERSION = YES;
				CLANG_WARN_OBJC_ROOT_CLASS = YES_ERROR;
				CLANG_WARN_SUSPICIOUS_MOVE = YES;
				CLANG_WARN_UNREACHABLE_CODE = YES;
				CLANG_WARN__DUPLICATE_METHOD_MATCH = YES;
				"CODE_SIGN_IDENTITY[sdk=iphoneos*]" = "iPhone Developer";
				COPY_PHASE_STRIP = NO;
				DEBUG_INFORMATION_FORMAT = dwarf;
				ENABLE_STRICT_OBJC_MSGSEND = YES;
				ENABLE_TESTABILITY = YES;
				GCC_C_LANGUAGE_STANDARD = gnu99;
				GCC_DYNAMIC_NO_PIC = NO;
				GCC_NO_COMMON_BLOCKS = YES;
				GCC_OPTIMIZATION_LEVEL = 0;
				GCC_PREPROCESSOR_DEFINITIONS = (
					"DEBUG=1",
					"$(inherited)",
				);
				GCC_WARN_64_TO_32_BIT_CONVERSION = YES;
				GCC_WARN_ABOUT_RETURN_TYPE = YES_ERROR;
				GCC_WARN_UNDECLARED_SELECTOR = YES;
				GCC_WARN_UNINITIALIZED_AUTOS = YES_AGGRESSIVE;
				GCC_WARN_UNUSED_FUNCTION = YES;
				GCC_WARN_UNUSED_VARIABLE = YES;
				IPHONEOS_DEPLOYMENT_TARGET = 10.3;
				MTL_ENABLE_DEBUG_INFO = YES;
				ONLY_ACTIVE_ARCH = YES;
				SDKROOT = iphoneos;
				TARGETED_DEVICE_FAMILY = "1,2";
			};
			name = Debug;
		};
		5AB6CEF91EC42EF1003C7483 /* Release */ = {
			isa = XCBuildConfiguration;
			buildSettings = {
				ALWAYS_SEARCH_USER_PATHS = NO;
				CLANG_ANALYZER_NONNULL = YES;
				CLANG_ANALYZER_NUMBER_OBJECT_CONVERSION = YES_AGGRESSIVE;
				CLANG_CXX_LANGUAGE_STANDARD = "gnu++0x";
				CLANG_CXX_LIBRARY = "libc++";
				CLANG_ENABLE_MODULES = YES;
				CLANG_ENABLE_OBJC_ARC = YES;
				CLANG_WARN_BOOL_CONVERSION = YES;
				CLANG_WARN_CONSTANT_CONVERSION = YES;
				CLANG_WARN_DIRECT_OBJC_ISA_USAGE = YES_ERROR;
				CLANG_WARN_DOCUMENTATION_COMMENTS = YES;
				CLANG_WARN_EMPTY_BODY = YES;
				CLANG_WARN_ENUM_CONVERSION = YES;
				CLANG_WARN_INFINITE_RECURSION = YES;
				CLANG_WARN_INT_CONVERSION = YES;
				CLANG_WARN_OBJC_ROOT_CLASS = YES_ERROR;
				CLANG_WARN_SUSPICIOUS_MOVE = YES;
				CLANG_WARN_UNREACHABLE_CODE = YES;
				CLANG_WARN__DUPLICATE_METHOD_MATCH = YES;
				"CODE_SIGN_IDENTITY[sdk=iphoneos*]" = "iPhone Developer";
				COPY_PHASE_STRIP = NO;
				DEBUG_INFORMATION_FORMAT = "dwarf-with-dsym";
				ENABLE_NS_ASSERTIONS = NO;
				ENABLE_STRICT_OBJC_MSGSEND = YES;
				GCC_C_LANGUAGE_STANDARD = gnu99;
				GCC_NO_COMMON_BLOCKS = YES;
				GCC_WARN_64_TO_32_BIT_CONVERSION = YES;
				GCC_WARN_ABOUT_RETURN_TYPE = YES_ERROR;
				GCC_WARN_UNDECLARED_SELECTOR = YES;
				GCC_WARN_UNINITIALIZED_AUTOS = YES_AGGRESSIVE;
				GCC_WARN_UNUSED_FUNCTION = YES;
				GCC_WARN_UNUSED_VARIABLE = YES;
				IPHONEOS_DEPLOYMENT_TARGET = 10.3;
				MTL_ENABLE_DEBUG_INFO = NO;
				SDKROOT = iphoneos;
				TARGETED_DEVICE_FAMILY = "1,2";
				VALIDATE_PRODUCT = YES;
			};
			name = Release;
		};
		5AB6CEFB1EC42EF1003C7483 /* Debug */ = {
			isa = XCBuildConfiguration;
			buildSettings = {
				ASSETCATALOG_COMPILER_APPICON_NAME = AppIcon;
				DEVELOPMENT_TEAM = L9E89VMHQT;
				INFOPLIST_FILE = RuntimeSkill/Info.plist;
				IPHONEOS_DEPLOYMENT_TARGET = 8.0;
				LD_RUNPATH_SEARCH_PATHS = "$(inherited) @executable_path/Frameworks";
				PRODUCT_BUNDLE_IDENTIFIER = wawayaya.com.RuntimeSkill;
				PRODUCT_NAME = "$(TARGET_NAME)";
			};
			name = Debug;
		};
		5AB6CEFC1EC42EF1003C7483 /* Release */ = {
			isa = XCBuildConfiguration;
			buildSettings = {
				ASSETCATALOG_COMPILER_APPICON_NAME = AppIcon;
				DEVELOPMENT_TEAM = L9E89VMHQT;
				INFOPLIST_FILE = RuntimeSkill/Info.plist;
				IPHONEOS_DEPLOYMENT_TARGET = 8.0;
				LD_RUNPATH_SEARCH_PATHS = "$(inherited) @executable_path/Frameworks";
				PRODUCT_BUNDLE_IDENTIFIER = wawayaya.com.RuntimeSkill;
				PRODUCT_NAME = "$(TARGET_NAME)";
			};
			name = Release;
		};
/* End XCBuildConfiguration section */

/* Begin XCConfigurationList section */
		5AB6CEDE1EC42EF1003C7483 /* Build configuration list for PBXProject "RuntimeSkill" */ = {
			isa = XCConfigurationList;
			buildConfigurations = (
				5AB6CEF81EC42EF1003C7483 /* Debug */,
				5AB6CEF91EC42EF1003C7483 /* Release */,
			);
			defaultConfigurationIsVisible = 0;
			defaultConfigurationName = Release;
		};
		5AB6CEFA1EC42EF1003C7483 /* Build configuration list for PBXNativeTarget "RuntimeSkill" */ = {
			isa = XCConfigurationList;
			buildConfigurations = (
				5AB6CEFB1EC42EF1003C7483 /* Debug */,
				5AB6CEFC1EC42EF1003C7483 /* Release */,
			);
			defaultConfigurationIsVisible = 0;
			defaultConfigurationName = Release;
		};
/* End XCConfigurationList section */
	};
	rootObject = 5AB6CEDB1EC42EF1003C7483 /* Project object */;
}
